
Microsoft Visual Studio Solution File, Format Version 12.00
# Visual Studio 2017
Project("{FAE04EC0-301F-11D3-BF4B-00C04F79EFBC}") = "unity講座", "unity講座.csproj", "{7EDBE1C8-7015-1E54-DB4B-BD71339CA18C}"
EndProject
Global
	GlobalSection(SolutionConfigurationPlatforms) = preSolution
		Debug|Any CPU = Debug|Any CPU
		Release|Any CPU = Release|Any CPU
	EndGlobalSection
	GlobalSection(ProjectConfigurationPlatforms) = postSolution
		{7EDBE1C8-7015-1E54-DB4B-BD71339CA18C}.Debug|Any CPU.ActiveCfg = Debug|Any CPU
		{7EDBE1C8-7015-1E54-DB4B-BD71339CA18C}.Debug|Any CPU.Build.0 = Debug|Any CPU
		{7EDBE1C8-7015-1E54-DB4B-BD71339CA18C}.Release|Any CPU.ActiveCfg = Release|Any CPU
		{7EDBE1C8-7015-1E54-DB4B-BD71339CA18C}.Release|Any CPU.Build.0 = Release|Any CPU
	EndGlobalSection
	GlobalSection(SolutionProperties) = preSolution
		HideSolutionNode = FALSE
	EndGlobalSection
EndGlobal
